
Microsoft Visual Studio Solution File, Format Version 10.00
# Visual Studio 2008
Project("{FAE04EC0-301F-11D3-BF4B-00C04F79EFBC}") = "C4FScreensaver", "C4FScreensaver\C4FScreensaver.csproj", "{84DF80AE-36C2-4445-9051-9E84A6CD9848}"
EndProject
Global
	GlobalSection(SolutionConfigurationPlatforms) = preSolution
		Debug|Any CPU = Debug|Any CPU
		Release|Any CPU = Release|Any CPU
	EndGlobalSection
	GlobalSection(ProjectConfigurationPlatforms) = postSolution
		{84DF80AE-36C2-4445-9051-9E84A6CD9848}.Debug|Any CPU.ActiveCfg = Debug|Any CPU
		{84DF80AE-36C2-4445-9051-9E84A6CD9848}.Debug|Any CPU.Build.0 = Debug|Any CPU
		{84DF80AE-36C2-4445-9051-9E84A6CD9848}.Release|Any CPU.ActiveCfg = Release|Any CPU
		{84DF80AE-36C2-4445-9051-9E84A6CD9848}.Release|Any CPU.Build.0 = Release|Any CPU
	EndGlobalSection
	GlobalSection(SolutionProperties) = preSolution
		HideSolutionNode = FALSE
	EndGlobalSection
EndGlobal
